{
  "version": 4,
  "terraform_version": "1.8.4",
  "serial": 16,
  "lineage": "8291c148-789e-0133-80bd-dd3f28dd73ff",
  "outputs": {},
  "resources": [
    {
      "mode": "managed",
      "type": "google_artifact_registry_repository",
      "name": "my-repo",
      "provider": "provider[\"registry.terraform.io/hashicorp/google\"]",
      "instances": [
        {
          "schema_version": 0,
          "attributes": {
            "cleanup_policies": [],
            "cleanup_policy_dry_run": false,
            "create_time": "2024-06-05T21:07:34.539361Z",
            "description": "Dezurich lounge docker registry",
            "docker_config": [],
            "effective_labels": {},
            "format": "DOCKER",
            "id": "projects/dezurich-lounge/locations/asia-south1/repositories/lounge-docker-images",
            "kms_key_name": "",
            "labels": null,
            "location": "asia-south1",
            "maven_config": [],
            "mode": "STANDARD_REPOSITORY",
            "name": "lounge-docker-images",
            "project": "dezurich-lounge",
            "remote_repository_config": [],
            "repository_id": "lounge-docker-images",
            "terraform_labels": {},
            "timeouts": null,
            "update_time": "2024-06-05T21:07:34.539361Z",
            "virtual_repository_config": []
          },
          "sensitive_attributes": [],
          "private": "eyJlMmJmYjczMC1lY2FhLTExZTYtOGY4OC0zNDM2M2JjN2M0YzAiOnsiY3JlYXRlIjoxMjAwMDAwMDAwMDAwLCJkZWxldGUiOjEyMDAwMDAwMDAwMDAsInVwZGF0ZSI6MTIwMDAwMDAwMDAwMH19"
        }
      ]
    },
    {
      "mode": "managed",
      "type": "google_container_cluster",
      "name": "primary",
      "provider": "provider[\"registry.terraform.io/hashicorp/google\"]",
      "instances": [
        {
          "schema_version": 2,
          "attributes": {
            "addons_config": [
              {
                "cloudrun_config": [],
                "config_connector_config": [],
                "dns_cache_config": [],
                "gce_persistent_disk_csi_driver_config": [
                  {
                    "enabled": true
                  }
                ],
                "gcp_filestore_csi_driver_config": [],
                "gcs_fuse_csi_driver_config": [],
                "gke_backup_agent_config": [],
                "horizontal_pod_autoscaling": [],
                "http_load_balancing": [],
                "network_policy_config": [
                  {
                    "disabled": true
                  }
                ],
                "stateful_ha_config": []
              }
            ],
            "allow_net_admin": null,
            "authenticator_groups_config": [],
            "binary_authorization": [
              {
                "enabled": false,
                "evaluation_mode": ""
              }
            ],
            "cluster_autoscaling": [
              {
                "auto_provisioning_defaults": [],
                "autoscaling_profile": "BALANCED",
                "enabled": false,
                "resource_limits": []
              }
            ],
            "cluster_ipv4_cidr": "10.32.0.0/14",
            "confidential_nodes": [],
            "cost_management_config": [],
            "database_encryption": [
              {
                "key_name": "",
                "state": "DECRYPTED"
              }
            ],
            "datapath_provider": "",
            "default_max_pods_per_node": 110,
            "default_snat_status": [
              {
                "disabled": false
              }
            ],
            "deletion_protection": false,
            "description": "",
            "dns_config": [],
            "enable_autopilot": false,
            "enable_cilium_clusterwide_network_policy": false,
            "enable_intranode_visibility": false,
            "enable_k8s_beta_apis": [],
            "enable_kubernetes_alpha": false,
            "enable_l4_ilb_subsetting": false,
            "enable_legacy_abac": false,
            "enable_shielded_nodes": true,
            "enable_tpu": false,
            "endpoint": "34.47.130.222",
            "fleet": [],
            "gateway_api_config": [],
            "id": "projects/dezurich-lounge/locations/asia-south1-a/clusters/lounge-cluster",
            "identity_service_config": [],
            "initial_node_count": 2,
            "ip_allocation_policy": [
              {
                "additional_pod_ranges_config": [],
                "cluster_ipv4_cidr_block": "10.32.0.0/14",
                "cluster_secondary_range_name": "gke-lounge-cluster-pods-de895233",
                "pod_cidr_overprovision_config": [
                  {
                    "disabled": false
                  }
                ],
                "services_ipv4_cidr_block": "10.46.64.0/20",
                "services_secondary_range_name": "gke-lounge-cluster-services-de895233",
                "stack_type": "IPV4"
              }
            ],
            "label_fingerprint": "a9dc16a7",
            "location": "asia-south1-a",
            "logging_config": [
              {
                "enable_components": [
                  "SYSTEM_COMPONENTS",
                  "WORKLOADS"
                ]
              }
            ],
            "logging_service": "logging.googleapis.com/kubernetes",
            "maintenance_policy": [],
            "master_auth": [
              {
                "client_certificate": "",
                "client_certificate_config": [
                  {
                    "issue_client_certificate": false
                  }
                ],
                "client_key": "",
                "cluster_ca_certificate": "LS0tLS1CRUdJTiBDRVJUSUZJQ0FURS0tLS0tCk1JSUVMVENDQXBXZ0F3SUJBZ0lSQU5uNmFucHZvY05mNlBDMWNxa0pveVV3RFFZSktvWklodmNOQVFFTEJRQXcKTHpFdE1Dc0dBMVVFQXhNa09XVTBaVGRtTURrdE5UWTNZUzAwWTJZNExXSXlOVGN0TldFME5UWm1ZVGd6WlRNNQpNQ0FYRFRJME1EWXdOVEU1TlRRd05sb1lEekl3TlRRd05USTVNakExTkRBMldqQXZNUzB3S3dZRFZRUURFeVE1ClpUUmxOMll3T1MwMU5qZGhMVFJqWmpndFlqSTFOeTAxWVRRMU5tWmhPRE5sTXprd2dnR2lNQTBHQ1NxR1NJYjMKRFFFQkFRVUFBNElCandBd2dnR0tBb0lCZ1FDYTFqWnUvbWJ4Y1lldTZBMVVQNThVZDRsK2N5dTNBZjVHUTZKcAo4NGFBMGcyVnI2RkRIVVl0cStXR1hVZW54NGpxRXlRL0IzSExhU1l3dGRndWdqNlhvcWFVSFY2NnZodmxCckEzCjNKQzJCRlQ3VmhuK201RmVVTFFhVThMMVJzYkxoRGZYMFozR3Y1R05NeGJUY1JaSlM2M2dkbmo5UWpuakljYmgKdjRiLzZvcndEeGJHVlZoelVLcGpCU1NObDBEWk15STh3SVFYQXE4RThwK3RJN3ZhdTVtOGVmUTZyRVhGMHE3RApqQ0k1a1BkTlA2VlZlbmdjZ3NKaFRiV09wNlJFSmNNczJkdWZuTlFQRWpoUVdZUHlkODM3MS9sMVhLOUcrZU5hCkNYdjBrcFQ1SzZkcmhHUUp4QWlKT0FTdjB3VDdacGJ5M21VVGhrdnlDelBXZU54QU5tZnVtamU5L0FadXl0K04KSi9hMjZkSlp4TDR0d2h1cWhFSWJzaFJINloyK014a092OGs2dTFQcVRxS0NjVndyeTk0SUF3MHRWazJwTWpkbApJVkZXWG1NSTBWdzFMMTNpd0xGb0FlaWNlYVU0R0R2ZXhLMldHdXNnbkRTelpvOENCZXljMjc4RWVzRmkxSzU2CkFTdUVtVEtPb0NRYi9YVEhkTEozdHBtNU1LVUNBd0VBQWFOQ01FQXdEZ1lEVlIwUEFRSC9CQVFEQWdJRU1BOEcKQTFVZEV3RUIvd1FGTUFNQkFmOHdIUVlEVlIwT0JCWUVGR2pzaFI4K0RESUVTSGJ4aklMY1A5Q3hNVk43TUEwRwpDU3FHU0liM0RRRUJDd1VBQTRJQmdRQm45U2tFVzJ3Q3VoRmNwNytia1I0WUhvaHk0Uk9VTkNuMUNRamxzbVM5Cmg4UzA2S3RWZ3RKdW9PNkNtUTVMR3docHdPMmFCaEpDQ0NhaUUvY1VrSlBLdnp6UWVPVS9NcnV3cllNcmhVZHcKTExsTFpJODhaWDQyejdnT2U2N2xrUlhzbDlDUnNmVVRSVjNIOHhBdFhZalpXMUQzUEhhU25nZGRDVDg5dTFiVgpzMXZwUDlJNUhtcDFwb3NyNkhxMzNnd2hiSGxJejRUcmc1ZEU5V01YVXhsZm5qSzVzNjVIMEhlR2xLWElFbFc5CmFCRnNrajVSNTE5NGZXQmRRWFB1Y1pady9JZ0cvK1dhRjNMTXFlTFUzckZIK2Fnb2g5Z1JWVlhVMTlLRjgreGIKeGc2RmJPQjFDekloNTVDVTN2VjQyK05ZWTVIMHcvRlFYRnRMZjNiWldDckk5SXRYdGdPbTM1b2pLOWs4enJBUApZRjZNTXduR0tSaFJUQzBGYnRRMFhhWXFRYU1iaVFMekhDTUgwVG1iZG5hQ1Vwdm5oNzhjZTM5d3BYbitlVnhsClJXbVhKT3hqWjk5djRiYk5hQTRoa0l3Y0RMSmw3UWlzUUM3bUduMW14Sk5qME9tbTJ2TEw2NWM4MUtCb1BTdWEKMXEyQzRFaTQ0RHlGY1Jxd2grUWJtbjQ9Ci0tLS0tRU5EIENFUlRJRklDQVRFLS0tLS0K"
              }
            ],
            "master_authorized_networks_config": [],
            "master_version": "1.28.9-gke.1000000",
            "mesh_certificates": [],
            "min_master_version": null,
            "monitoring_config": [
              {
                "advanced_datapath_observability_config": [
                  {
                    "enable_metrics": false,
                    "enable_relay": false,
                    "relay_mode": "DISABLED"
                  }
                ],
                "enable_components": [
                  "SYSTEM_COMPONENTS"
                ],
                "managed_prometheus": [
                  {
                    "enabled": true
                  }
                ]
              }
            ],
            "monitoring_service": "monitoring.googleapis.com/kubernetes",
            "name": "lounge-cluster",
            "network": "projects/dezurich-lounge/global/networks/default",
            "network_policy": [
              {
                "enabled": false,
                "provider": "PROVIDER_UNSPECIFIED"
              }
            ],
            "networking_mode": "VPC_NATIVE",
            "node_config": [
              {
                "advanced_machine_features": [],
                "boot_disk_kms_key": "",
                "confidential_nodes": [],
                "containerd_config": [],
                "disk_size_gb": 20,
                "disk_type": "pd-balanced",
                "effective_taints": [],
                "enable_confidential_storage": false,
                "ephemeral_storage_local_ssd_config": [],
                "fast_socket": [],
                "gcfs_config": [],
                "guest_accelerator": [],
                "gvnic": [],
                "host_maintenance_policy": [],
                "image_type": "COS_CONTAINERD",
                "kubelet_config": [],
                "labels": {},
                "linux_node_config": [],
                "local_nvme_ssd_block_config": [],
                "local_ssd_count": 0,
                "logging_variant": "DEFAULT",
                "machine_type": "e2-medium",
                "metadata": {
                  "disable-legacy-endpoints": "true"
                },
                "min_cpu_platform": "",
                "node_group": "",
                "oauth_scopes": [
                  "https://www.googleapis.com/auth/cloud-platform"
                ],
                "preemptible": false,
                "reservation_affinity": [],
                "resource_labels": {},
                "resource_manager_tags": {},
                "secondary_boot_disks": [],
                "service_account": "default",
                "shielded_instance_config": [
                  {
                    "enable_integrity_monitoring": true,
                    "enable_secure_boot": false
                  }
                ],
                "sole_tenant_config": [],
                "spot": false,
                "tags": [],
                "taint": [],
                "workload_metadata_config": []
              }
            ],
            "node_locations": [],
            "node_pool": [
              {
                "autoscaling": [],
                "initial_node_count": 2,
                "instance_group_urls": [
                  "https://www.googleapis.com/compute/v1/projects/dezurich-lounge/zones/asia-south1-a/instanceGroupManagers/gke-lounge-cluster-default-pool-7d42a4c5-grp"
                ],
                "managed_instance_group_urls": [
                  "https://www.googleapis.com/compute/v1/projects/dezurich-lounge/zones/asia-south1-a/instanceGroups/gke-lounge-cluster-default-pool-7d42a4c5-grp"
                ],
                "management": [
                  {
                    "auto_repair": true,
                    "auto_upgrade": true
                  }
                ],
                "max_pods_per_node": 110,
                "name": "default-pool",
                "name_prefix": "",
                "network_config": [
                  {
                    "create_pod_range": false,
                    "enable_private_nodes": false,
                    "network_performance_config": [],
                    "pod_cidr_overprovision_config": [],
                    "pod_ipv4_cidr_block": "10.32.0.0/14",
                    "pod_range": "gke-lounge-cluster-pods-de895233"
                  }
                ],
                "node_config": [
                  {
                    "advanced_machine_features": [],
                    "boot_disk_kms_key": "",
                    "confidential_nodes": [],
                    "containerd_config": [],
                    "disk_size_gb": 20,
                    "disk_type": "pd-balanced",
                    "effective_taints": [],
                    "enable_confidential_storage": false,
                    "ephemeral_storage_local_ssd_config": [],
                    "fast_socket": [],
                    "gcfs_config": [],
                    "guest_accelerator": [],
                    "gvnic": [],
                    "host_maintenance_policy": [],
                    "image_type": "COS_CONTAINERD",
                    "kubelet_config": [],
                    "labels": {},
                    "linux_node_config": [],
                    "local_nvme_ssd_block_config": [],
                    "local_ssd_count": 0,
                    "logging_variant": "DEFAULT",
                    "machine_type": "e2-medium",
                    "metadata": {
                      "disable-legacy-endpoints": "true"
                    },
                    "min_cpu_platform": "",
                    "node_group": "",
                    "oauth_scopes": [
                      "https://www.googleapis.com/auth/cloud-platform"
                    ],
                    "preemptible": false,
                    "reservation_affinity": [],
                    "resource_labels": {},
                    "resource_manager_tags": {},
                    "secondary_boot_disks": [],
                    "service_account": "default",
                    "shielded_instance_config": [
                      {
                        "enable_integrity_monitoring": true,
                        "enable_secure_boot": false
                      }
                    ],
                    "sole_tenant_config": [],
                    "spot": false,
                    "tags": [],
                    "taint": [],
                    "workload_metadata_config": []
                  }
                ],
                "node_count": 2,
                "node_locations": [
                  "asia-south1-a"
                ],
                "placement_policy": [],
                "queued_provisioning": [],
                "upgrade_settings": [
                  {
                    "blue_green_settings": [],
                    "max_surge": 1,
                    "max_unavailable": 0,
                    "strategy": "SURGE"
                  }
                ],
                "version": "1.28.9-gke.1000000"
              }
            ],
            "node_pool_auto_config": [],
            "node_pool_defaults": [
              {
                "node_config_defaults": [
                  {
                    "containerd_config": [],
                    "logging_variant": "DEFAULT"
                  }
                ]
              }
            ],
            "node_version": "1.28.9-gke.1000000",
            "notification_config": [
              {
                "pubsub": [
                  {
                    "enabled": false,
                    "filter": [],
                    "topic": ""
                  }
                ]
              }
            ],
            "operation": null,
            "private_cluster_config": [
              {
                "enable_private_endpoint": false,
                "enable_private_nodes": false,
                "master_global_access_config": [
                  {
                    "enabled": false
                  }
                ],
                "master_ipv4_cidr_block": "",
                "peering_name": "",
                "private_endpoint": "10.160.0.47",
                "private_endpoint_subnetwork": "",
                "public_endpoint": "34.47.130.222"
              }
            ],
            "private_ipv6_google_access": "",
            "project": "dezurich-lounge",
            "release_channel": [
              {
                "channel": "REGULAR"
              }
            ],
            "remove_default_node_pool": null,
            "resource_labels": {},
            "resource_usage_export_config": [],
            "security_posture_config": [
              {
                "mode": "BASIC",
                "vulnerability_mode": "VULNERABILITY_MODE_UNSPECIFIED"
              }
            ],
            "self_link": "https://container.googleapis.com/v1/projects/dezurich-lounge/zones/asia-south1-a/clusters/lounge-cluster",
            "service_external_ips_config": [
              {
                "enabled": false
              }
            ],
            "services_ipv4_cidr": "10.46.64.0/20",
            "subnetwork": "projects/dezurich-lounge/regions/asia-south1/subnetworks/default",
            "timeouts": null,
            "tpu_ipv4_cidr_block": "",
            "vertical_pod_autoscaling": [],
            "workload_identity_config": []
          },
          "sensitive_attributes": [
            [
              {
                "type": "get_attr",
                "value": "master_auth"
              },
              {
                "type": "index",
                "value": {
                  "value": 0,
                  "type": "number"
                }
              },
              {
                "type": "get_attr",
                "value": "client_key"
              }
            ]
          ],
          "private": "eyJlMmJmYjczMC1lY2FhLTExZTYtOGY4OC0zNDM2M2JjN2M0YzAiOnsiY3JlYXRlIjoyNDAwMDAwMDAwMDAwLCJkZWxldGUiOjI0MDAwMDAwMDAwMDAsInJlYWQiOjI0MDAwMDAwMDAwMDAsInVwZGF0ZSI6MzYwMDAwMDAwMDAwMH0sInNjaGVtYV92ZXJzaW9uIjoiMiJ9"
        }
      ]
    },
    {
      "mode": "managed",
      "type": "google_project_iam_member",
      "name": "cloudsql_storage_admin_binding",
      "provider": "provider[\"registry.terraform.io/hashicorp/google\"]",
      "instances": [
        {
          "index_key": "roles/cloudsql.admin",
          "schema_version": 0,
          "attributes": {
            "condition": [],
            "etag": "BwYaKsV/H+I=",
            "id": "dezurich-lounge/roles/cloudsql.admin/serviceAccount:dezurich-lounge-account@dezurich-lounge.iam.gserviceaccount.com",
            "member": "serviceAccount:dezurich-lounge-account@dezurich-lounge.iam.gserviceaccount.com",
            "project": "dezurich-lounge",
            "role": "roles/cloudsql.admin"
          },
          "sensitive_attributes": [],
          "private": "bnVsbA==",
          "dependencies": [
            "google_service_account.service_account"
          ]
        },
        {
          "index_key": "roles/storage.admin",
          "schema_version": 0,
          "attributes": {
            "condition": [],
            "etag": "BwYaKsV/H+I=",
            "id": "dezurich-lounge/roles/storage.admin/serviceAccount:dezurich-lounge-account@dezurich-lounge.iam.gserviceaccount.com",
            "member": "serviceAccount:dezurich-lounge-account@dezurich-lounge.iam.gserviceaccount.com",
            "project": "dezurich-lounge",
            "role": "roles/storage.admin"
          },
          "sensitive_attributes": [],
          "private": "bnVsbA==",
          "dependencies": [
            "google_service_account.service_account"
          ]
        }
      ]
    },
    {
      "mode": "managed",
      "type": "google_service_account",
      "name": "service_account",
      "provider": "provider[\"registry.terraform.io/hashicorp/google\"]",
      "instances": [
        {
          "schema_version": 0,
          "attributes": {
            "account_id": "dezurich-lounge-account",
            "create_ignore_already_exists": null,
            "description": "",
            "disabled": false,
            "display_name": "DeZurich service account",
            "email": "dezurich-lounge-account@dezurich-lounge.iam.gserviceaccount.com",
            "id": "projects/dezurich-lounge/serviceAccounts/dezurich-lounge-account@dezurich-lounge.iam.gserviceaccount.com",
            "member": "serviceAccount:dezurich-lounge-account@dezurich-lounge.iam.gserviceaccount.com",
            "name": "projects/dezurich-lounge/serviceAccounts/dezurich-lounge-account@dezurich-lounge.iam.gserviceaccount.com",
            "project": "dezurich-lounge",
            "timeouts": null,
            "unique_id": "102294922013185938168"
          },
          "sensitive_attributes": [],
          "private": "eyJlMmJmYjczMC1lY2FhLTExZTYtOGY4OC0zNDM2M2JjN2M0YzAiOnsiY3JlYXRlIjozMDAwMDAwMDAwMDB9fQ=="
        }
      ]
    },
    {
      "mode": "managed",
      "type": "google_service_account_key",
      "name": "mykey",
      "provider": "provider[\"registry.terraform.io/hashicorp/google\"]",
      "instances": [
        {
          "schema_version": 0,
          "attributes": {
            "id": "projects/dezurich-lounge/serviceAccounts/dezurich-lounge-account@dezurich-lounge.iam.gserviceaccount.com/keys/e633176f3886bba59d8dcb42b3c7bf4a8df8f033",
            "keepers": null,
            "key_algorithm": "KEY_ALG_RSA_2048",
            "name": "projects/dezurich-lounge/serviceAccounts/dezurich-lounge-account@dezurich-lounge.iam.gserviceaccount.com/keys/e633176f3886bba59d8dcb42b3c7bf4a8df8f033",
            "private_key": "ewogICJ0eXBlIjogInNlcnZpY2VfYWNjb3VudCIsCiAgInByb2plY3RfaWQiOiAiZGV6dXJpY2gtbG91bmdlIiwKICAicHJpdmF0ZV9rZXlfaWQiOiAiZTYzMzE3NmYzODg2YmJhNTlkOGRjYjQyYjNjN2JmNGE4ZGY4ZjAzMyIsCiAgInByaXZhdGVfa2V5IjogIi0tLS0tQkVHSU4gUFJJVkFURSBLRVktLS0tLVxuTUlJRXVnSUJBREFOQmdrcWhraUc5dzBCQVFFRkFBU0NCS1F3Z2dTZ0FnRUFBb0lCQVFDb2o3WnhzWk03Z2NMY1xuY2c2OXd6cE9QYU9DTTBaS090cUsyK3Zad0tUL3h4QU1EVStrSG13R1gzYzZtdHJqMU8vK1RVbEdnRTBZZ1BIMFxueUhtb1FZNnh0bkxESlVWVDBYVzVPUGJFYWJaZ2VGMm1yUHZtYWlNbHJHUWY0WStSdzRUY2VsR1k4VlBMZUNMalxucGZzSnFZd2JIQ0tYNE1rQVVtS1RxVGpuVjN3b21oNmhOU3lKNGZNWjBBRWZGY2tPZW9ZdWYrL21PaTAvaW1KV1xuMVZJZS9DdDRPSU9TRTI3RC8wSDR0WFowaFJaUENob0JiQmNUMEErV3R4OXNlWDMxQUhtUWpBSW1EalFuRStEOVxuaVU3YXViQnY3OVp6aWVmYmc5anlMcFBQcTFHZGMyTmh2bGVkWlM3Q1NGWi9oa3FoUTJBMDhtWktqNVl2QjhKWlxub3RWZ2JGeDlBZ01CQUFFQ2dmOVZiVHBpdWRaN3VzK09zMGNxSXlnbm5nWUZ5OC9uSy9SbnVSVW45U0QvbDNxT1xuWXduVzRXV1lNbFZsWWdaZXZxZHVUYlU5OGx1TTFXKzdCOEFVdUV1azFMOE8rUTdRYjlka2o1VTZ4MURaSHhBb1xuNk1DRFQ3dVAzRWJTbTdDZmw5aDc5RnN2L1V6eXJyMnFpcllnQk5GV0VzR1VmVVJKMmRRVUFkSTErRU4wWHdyaVxuemFzeHVUNG8vOGw2bWllUlhZSjRFQjZwOFp6c1BocUNLOHZ0RlpZZTQ1SWVWSFFLSktOZkZqSW05U1ArRFJqdlxuNjRBcTdaNHlRRTY2dk90emlNOGIyVWJZQ3YvS0swRmlRVFJOVWVVYlgzL1FER0oyMCtidlNYaEFKMUQ3ZG1GU1xuTXpUOUdIbkxaTUlvWDFlN1RKTUdtRzFJL3dxUE1hWlpBU29RRGVzQ2dZRUEyL2FqNkJkWGNlNzlQWTRSMXc2R1xubWNkWUJCT1h1eDEvZFBkYXp1TmFZSm96b1JpeTczdnQ4MTBxeHpWSk9EZldpVkdvcVVwUTFWQS9CQVEwL0wyU1xucGd0ZnFWYlpZejF6WkxwQVkrc0NJV1hpZGMxRExGQWUzYlBya1l3OG9ucVFJd0Q3V0ZHanA2Y1FiU2Rud240Q1xuR1EzaGlxVHdFWit5bGN6UTFZLzlBTGNDZ1lFQXhDMC9peEVObW5xOGdZSnZmTFlDdC9haUkvZndZSFZoQVhuWFxuMkJod3JheEN4OHJNOENoT29iL3VFMkE4TjNXQS80akdUVXZzcHRKSVBHUVZBU2d1ek1lMXBYRUgzTzZkMnUzaFxudU5hV0lvcVZ0QTFEa0J4VWdPWWRJOE0wT1k1YUpvYkgzK3ZoVVZTeWdDRGgxNHVyMGwySHljdW5MMVlKUmhiQlxuVXRLTGNHc0NnWUFzNTMzd2pJdFNmQXFBdlhjUTR5dEJTM3ZCWVVxUmJXVXV1S3gySGQyK2FOeHZYNzV2dTJvSlxuUzVUSEZDNjlabERLdWJ2bnkzOFMvUTNRUVJlY0hRdEtFSHBYOUozdWI0WVdJeHV3Q2pMbUpJbUZxUUMwbENxb1xuOGVqK1RwVzJTYlVSSUVzdmJZTXVYNkd2MXVLTXh2S2dzTC9CY1FoOVlJK3hteDFxNjdrbm93S0JnQ1daaXBGTFxuN25DS1Q3RCs0QUZtSFRWSE55SnZ0Z20yMWFYanhZUHNnMFEyUFFKd0UwR0FhRG5HUUlwRUtxWnloZ3YwR2hYY1xubEhvUTJibUJjU2tzbTNPeVgxVmJTYWVGc0lteWlFM1dDeWFKcTFHOExSUGs2aWxlY1gxV1A1ODhjbmpwNGtzL1xudVlyT0VmeE8wUnB2OGJtN0pYaCs2UWRBbFR4eXhoRHF1OEVMQW9HQVAzQ2FCam5KVzE1ZXBLL0c4bEpVbzdMeVxueXlQWWc5cDY3eUk4TC9qYWs2OHI0ckZFQ0Y4SkM4RnNZS0VsR2RORGtSYVowYm5mZUhQOVE2QjZpbkg3VzVYSlxubnllMy9WSFFLSGs0b3NSVGNuRGl5cnNlMlpBUzVkcGo2c05xMUpHdVRyYS9hMWlBZGFwYnR2aEZHbEhlMjNxdlxuQm9BUHFSRDlvWGpIcjdBdDNVZz1cbi0tLS0tRU5EIFBSSVZBVEUgS0VZLS0tLS1cbiIsCiAgImNsaWVudF9lbWFpbCI6ICJkZXp1cmljaC1sb3VuZ2UtYWNjb3VudEBkZXp1cmljaC1sb3VuZ2UuaWFtLmdzZXJ2aWNlYWNjb3VudC5jb20iLAogICJjbGllbnRfaWQiOiAiMTAyMjk0OTIyMDEzMTg1OTM4MTY4IiwKICAiYXV0aF91cmkiOiAiaHR0cHM6Ly9hY2NvdW50cy5nb29nbGUuY29tL28vb2F1dGgyL2F1dGgiLAogICJ0b2tlbl91cmkiOiAiaHR0cHM6Ly9vYXV0aDIuZ29vZ2xlYXBpcy5jb20vdG9rZW4iLAogICJhdXRoX3Byb3ZpZGVyX3g1MDlfY2VydF91cmwiOiAiaHR0cHM6Ly93d3cuZ29vZ2xlYXBpcy5jb20vb2F1dGgyL3YxL2NlcnRzIiwKICAiY2xpZW50X3g1MDlfY2VydF91cmwiOiAiaHR0cHM6Ly93d3cuZ29vZ2xlYXBpcy5jb20vcm9ib3QvdjEvbWV0YWRhdGEveDUwOS9kZXp1cmljaC1sb3VuZ2UtYWNjb3VudCU0MGRlenVyaWNoLWxvdW5nZS5pYW0uZ3NlcnZpY2VhY2NvdW50LmNvbSIsCiAgInVuaXZlcnNlX2RvbWFpbiI6ICJnb29nbGVhcGlzLmNvbSIKfQo=",
            "private_key_type": "TYPE_GOOGLE_CREDENTIALS_FILE",
            "public_key": "LS0tLS1CRUdJTiBDRVJUSUZJQ0FURS0tLS0tCk1JSUMvRENDQWVTZ0F3SUJBZ0lJS2ZFWjBhNWZXdlF3RFFZSktvWklodmNOQVFFRkJRQXdJREVlTUJ3R0ExVUUKQXhNVk1UQXlNamswT1RJeU1ERXpNVGcxT1RNNE1UWTRNQ0FYRFRJME1EWXdOVEl3TlRReU1Gb1lEems1T1RreApNak14TWpNMU9UVTVXakFnTVI0d0hBWURWUVFERXhVeE1ESXlPVFE1TWpJd01UTXhPRFU1TXpneE5qZ3dnZ0VpCk1BMEdDU3FHU0liM0RRRUJBUVVBQTRJQkR3QXdnZ0VLQW9JQkFRQ29qN1p4c1pNN2djTGNjZzY5d3pwT1BhT0MKTTBaS090cUsyK3Zad0tUL3h4QU1EVStrSG13R1gzYzZtdHJqMU8vK1RVbEdnRTBZZ1BIMHlIbW9RWTZ4dG5MRApKVVZUMFhXNU9QYkVhYlpnZUYybXJQdm1haU1sckdRZjRZK1J3NFRjZWxHWThWUExlQ0xqcGZzSnFZd2JIQ0tYCjRNa0FVbUtUcVRqblYzd29taDZoTlN5SjRmTVowQUVmRmNrT2VvWXVmKy9tT2kwL2ltSlcxVkllL0N0NE9JT1MKRTI3RC8wSDR0WFowaFJaUENob0JiQmNUMEErV3R4OXNlWDMxQUhtUWpBSW1EalFuRStEOWlVN2F1YkJ2NzlaegppZWZiZzlqeUxwUFBxMUdkYzJOaHZsZWRaUzdDU0ZaL2hrcWhRMkEwOG1aS2o1WXZCOEpab3RWZ2JGeDlBZ01CCkFBR2pPREEyTUF3R0ExVWRFd0VCL3dRQ01BQXdEZ1lEVlIwUEFRSC9CQVFEQWdlQU1CWUdBMVVkSlFFQi93UU0KTUFvR0NDc0dBUVVGQndNQ01BMEdDU3FHU0liM0RRRUJCUVVBQTRJQkFRQUJiMXJJdEpKTndNWGRXODkvb0dYMgoyVzRnZVpjUy9OVU5rQXkyQlVlcVl4cmdlVmVhaVlyM0ZRUjdHREw2QzBwc0cySzVmWWFEMVl6T210MFRyaFk4CndRSk9yUDFRY1A1citPYi9BYm02SXlZVHFZSThrVm5rY2RKdWpvT0ZOcXZIZjRra01sK2krOWJRSU9jRlpEV1cKZWFPYUpDTURrZ0pZbFNlUzJ3RnVRRyt0NDlkR1FGbDJ4NktPdkRiK2FSLzk1Wk5zVjN2TEFwTjBWTkVUMHdFUQpocHBGeGJXUS9IQTVaMDlCMkVqSjdSWWhHbFBxRTRiRjZuZ0xKbmpNSlV2V3N2VEpUR1pOQ3BpUnhYaTNnR3RrCkltRUNIT2NXUzFxK3FtTzM0WEZJYzZMdkdORGJob0JwcjNRZGNvZEJ5WGNqS1RnaU15ektYTVFiMEFwcmRtY1QKLS0tLS1FTkQgQ0VSVElGSUNBVEUtLS0tLQo=",
            "public_key_data": null,
            "public_key_type": "TYPE_X509_PEM_FILE",
            "service_account_id": "projects/dezurich-lounge/serviceAccounts/dezurich-lounge-account@dezurich-lounge.iam.gserviceaccount.com",
            "valid_after": "2024-06-05T20:54:20Z",
            "valid_before": "9999-12-31T23:59:59Z"
          },
          "sensitive_attributes": [
            [
              {
                "type": "get_attr",
                "value": "private_key"
              }
            ]
          ],
          "private": "bnVsbA==",
          "dependencies": [
            "google_service_account.service_account"
          ]
        }
      ]
    },
    {
      "mode": "managed",
      "type": "google_sql_database",
      "name": "cloud_sql_database",
      "provider": "provider[\"registry.terraform.io/hashicorp/google\"]",
      "instances": [
        {
          "schema_version": 0,
          "attributes": {
            "charset": "UTF8",
            "collation": "en_US.UTF8",
            "deletion_policy": "DELETE",
            "id": "projects/dezurich-lounge/instances/lounge-database/databases/lounge-data",
            "instance": "lounge-database",
            "name": "lounge-data",
            "project": "dezurich-lounge",
            "self_link": "https://sqladmin.googleapis.com/sql/v1beta4/projects/dezurich-lounge/instances/lounge-database/databases/lounge-data",
            "timeouts": null
          },
          "sensitive_attributes": [],
          "private": "eyJlMmJmYjczMC1lY2FhLTExZTYtOGY4OC0zNDM2M2JjN2M0YzAiOnsiY3JlYXRlIjoxMjAwMDAwMDAwMDAwLCJkZWxldGUiOjEyMDAwMDAwMDAwMDAsInVwZGF0ZSI6MTIwMDAwMDAwMDAwMH19",
          "dependencies": [
            "google_sql_database_instance.cloudsql_instance"
          ]
        }
      ]
    },
    {
      "mode": "managed",
      "type": "google_sql_database_instance",
      "name": "cloudsql_instance",
      "provider": "provider[\"registry.terraform.io/hashicorp/google\"]",
      "instances": [
        {
          "schema_version": 0,
          "attributes": {
            "available_maintenance_versions": [],
            "clone": [],
            "connection_name": "dezurich-lounge:asia-south1:lounge-database",
            "database_version": "POSTGRES_15",
            "deletion_protection": false,
            "dns_name": "",
            "encryption_key_name": null,
            "first_ip_address": "35.200.186.70",
            "id": "lounge-database",
            "instance_type": "CLOUD_SQL_INSTANCE",
            "ip_address": [
              {
                "ip_address": "35.200.186.70",
                "time_to_retire": "",
                "type": "PRIMARY"
              },
              {
                "ip_address": "34.93.42.124",
                "time_to_retire": "",
                "type": "OUTGOING"
              }
            ],
            "maintenance_version": "POSTGRES_15_5.R20240130.00_09",
            "master_instance_name": "",
            "name": "lounge-database",
            "private_ip_address": "",
            "project": "dezurich-lounge",
            "psc_service_attachment_link": "",
            "public_ip_address": "35.200.186.70",
            "region": "asia-south1",
            "replica_configuration": [],
            "restore_backup_context": [],
            "root_password": null,
            "self_link": "https://sqladmin.googleapis.com/sql/v1beta4/projects/dezurich-lounge/instances/lounge-database",
            "server_ca_cert": [
              {
                "cert": "-----BEGIN CERTIFICATE-----\nMIIDfzCCAmegAwIBAgIBADANBgkqhkiG9w0BAQsFADB3MS0wKwYDVQQuEyRmZjNm\nOTg0Ni00YjM4LTQ4ZmMtYjQyYi03YjU2M2NjMDFjZjYxIzAhBgNVBAMTGkdvb2ds\nZSBDbG91ZCBTUUwgU2VydmVyIENBMRQwEgYDVQQKEwtHb29nbGUsIEluYzELMAkG\nA1UEBhMCVVMwHhcNMjQwNjA1MjA1NDE5WhcNMzQwNjAzMjA1NTE5WjB3MS0wKwYD\nVQQuEyRmZjNmOTg0Ni00YjM4LTQ4ZmMtYjQyYi03YjU2M2NjMDFjZjYxIzAhBgNV\nBAMTGkdvb2dsZSBDbG91ZCBTUUwgU2VydmVyIENBMRQwEgYDVQQKEwtHb29nbGUs\nIEluYzELMAkGA1UEBhMCVVMwggEiMA0GCSqGSIb3DQEBAQUAA4IBDwAwggEKAoIB\nAQCsmPzhj4SWhUeXzLUCFwIrV9uZhhibLoqvEP3SM2sZjXvuWDL/e09PIUliBUJh\nZ5+5o9wt4iPPOOx2tseIhc523/3Usgr9OtWMNrZkEERuIncQ6cIiYCR0nl8PwwZ2\nXAlEZsQHcg/3FQV5gVKUPnSGjW7WfbVbVr91t7qKa9ZFBFXz+TJvYKBcfc7hVZ5V\nY2XALT+UmEdbV2BqdRJWc8AiyFqVScxrYaV2tlnAuqJTxehl30ISzEASUNWEMlLq\nAuCSc3H1Pwb0il8iWdTORfBDA/x+n7lOG9sJHPPd+UINT0dMPo2C7dA0u858p2fL\njiconro4bVOdHQI/zx7vKSnPAgMBAAGjFjAUMBIGA1UdEwEB/wQIMAYBAf8CAQAw\nDQYJKoZIhvcNAQELBQADggEBABMPNExSAj+N+N0HG4cJgKzGZqT7LGf+EvHa3i+z\nM85BpadRJ5skriI60GGGLVy6YUAOqHgPgA4rYYP6JzRL0gTJ18cJuEZsAhm8Q3Vc\n1sGRZMzX+folEBBdoXTPjGuR/Rrk6hk01QCQL+g9wFDeJ3bgtzvyeB/ObUQwz/Jm\nPQYaOX9Rm/36hJ6YwNs5GIqtTKWGW2ieU8ktSyJOtpJ7W4g7j+tTDjGKk1qfqvRp\nS7o8/MI6wj5HYwi95/4q4zenBQlBT0ldkkF1P45NbkjoBa168OBZE26KRHuWlV9A\nDy9lY0u0UEMc4OMJmOWHsQIjR+XAdPbSMOkMRERd7DeCzNY=\n-----END CERTIFICATE-----",
                "common_name": "C=US,O=Google\\, Inc,CN=Google Cloud SQL Server CA,dnQualifier=ff3f9846-4b38-48fc-b42b-7b563cc01cf6",
                "create_time": "2024-06-05T20:54:19.366Z",
                "expiration_time": "2034-06-03T20:55:19.366Z",
                "sha1_fingerprint": "965e148e9ce0c695364b5652f531a262317e9b47"
              }
            ],
            "service_account_email_address": "p564060009482-ulw9ak@gcp-sa-cloud-sql.iam.gserviceaccount.com",
            "settings": [
              {
                "activation_policy": "ALWAYS",
                "active_directory_config": [],
                "advanced_machine_features": [],
                "availability_type": "ZONAL",
                "backup_configuration": [
                  {
                    "backup_retention_settings": [
                      {
                        "retained_backups": 7,
                        "retention_unit": "COUNT"
                      }
                    ],
                    "binary_log_enabled": false,
                    "enabled": false,
                    "location": "",
                    "point_in_time_recovery_enabled": false,
                    "start_time": "17:00",
                    "transaction_log_retention_days": 7
                  }
                ],
                "collation": "",
                "connector_enforcement": "NOT_REQUIRED",
                "data_cache_config": [],
                "database_flags": [],
                "deletion_protection_enabled": false,
                "deny_maintenance_period": [],
                "disk_autoresize": true,
                "disk_autoresize_limit": 0,
                "disk_size": 10,
                "disk_type": "PD_SSD",
                "edition": "ENTERPRISE",
                "enable_google_ml_integration": false,
                "insights_config": [],
                "ip_configuration": [
                  {
                    "allocated_ip_range": "",
                    "authorized_networks": [],
                    "enable_private_path_for_google_cloud_services": false,
                    "ipv4_enabled": true,
                    "private_network": "",
                    "psc_config": [],
                    "require_ssl": false,
                    "ssl_mode": ""
                  }
                ],
                "location_preference": [
                  {
                    "follow_gae_application": "",
                    "secondary_zone": "",
                    "zone": "asia-south1-c"
                  }
                ],
                "maintenance_window": [],
                "password_validation_policy": [],
                "pricing_plan": "PER_USE",
                "sql_server_audit_config": [],
                "tier": "db-f1-micro",
                "time_zone": "",
                "user_labels": {},
                "version": 1
              }
            ],
            "timeouts": null
          },
          "sensitive_attributes": [
            [
              {
                "type": "get_attr",
                "value": "root_password"
              }
            ],
            [
              {
                "type": "get_attr",
                "value": "server_ca_cert"
              }
            ]
          ],
          "private": "eyJlMmJmYjczMC1lY2FhLTExZTYtOGY4OC0zNDM2M2JjN2M0YzAiOnsiY3JlYXRlIjoyNDAwMDAwMDAwMDAwLCJkZWxldGUiOjE4MDAwMDAwMDAwMDAsInVwZGF0ZSI6MTgwMDAwMDAwMDAwMH19"
        }
      ]
    },
    {
      "mode": "managed",
      "type": "google_sql_user",
      "name": "cloud_sql_user",
      "provider": "provider[\"registry.terraform.io/hashicorp/google\"]",
      "instances": [
        {
          "schema_version": 1,
          "attributes": {
            "deletion_policy": null,
            "host": "",
            "id": "gauthamsu//lounge-database",
            "instance": "lounge-database",
            "name": "gauthamsu",
            "password": "Kaalabhairava1!",
            "password_policy": [],
            "project": "dezurich-lounge",
            "sql_server_user_details": [],
            "timeouts": null,
            "type": ""
          },
          "sensitive_attributes": [
            [
              {
                "type": "get_attr",
                "value": "password"
              }
            ]
          ],
          "private": "eyJlMmJmYjczMC1lY2FhLTExZTYtOGY4OC0zNDM2M2JjN2M0YzAiOnsiY3JlYXRlIjo2MDAwMDAwMDAwMDAsImRlbGV0ZSI6NjAwMDAwMDAwMDAwLCJ1cGRhdGUiOjYwMDAwMDAwMDAwMH0sInNjaGVtYV92ZXJzaW9uIjoiMSJ9",
          "dependencies": [
            "google_sql_database_instance.cloudsql_instance"
          ]
        }
      ]
    },
    {
      "mode": "managed",
      "type": "google_storage_bucket",
      "name": "static_media_storage_bucket",
      "provider": "provider[\"registry.terraform.io/hashicorp/google\"]",
      "instances": [
        {
          "index_key": "lounge-media-bucket",
          "schema_version": 1,
          "attributes": {
            "autoclass": [],
            "cors": [
              {
                "max_age_seconds": 3600,
                "method": [
                  "GET",
                  "HEAD",
                  "PUT",
                  "POST",
                  "DELETE"
                ],
                "origin": [
                  "https://dezurich.gauthamupadhyaya.in"
                ],
                "response_header": [
                  "*"
                ]
              }
            ],
            "custom_placement_config": [],
            "default_event_based_hold": false,
            "effective_labels": {},
            "enable_object_retention": false,
            "encryption": [],
            "force_destroy": true,
            "id": "lounge-media-bucket",
            "labels": null,
            "lifecycle_rule": [],
            "location": "ASIA-SOUTH1",
            "logging": [],
            "name": "lounge-media-bucket",
            "project": "dezurich-lounge",
            "project_number": 564060009482,
            "public_access_prevention": "inherited",
            "requester_pays": false,
            "retention_policy": [],
            "rpo": null,
            "self_link": "https://www.googleapis.com/storage/v1/b/lounge-media-bucket",
            "soft_delete_policy": [
              {
                "effective_time": "2024-06-05T21:07:36.110Z",
                "retention_duration_seconds": 604800
              }
            ],
            "storage_class": "STANDARD",
            "terraform_labels": {},
            "timeouts": null,
            "uniform_bucket_level_access": true,
            "url": "gs://lounge-media-bucket",
            "versioning": [],
            "website": []
          },
          "sensitive_attributes": [],
          "private": "eyJlMmJmYjczMC1lY2FhLTExZTYtOGY4OC0zNDM2M2JjN2M0YzAiOnsiY3JlYXRlIjo2MDAwMDAwMDAwMDAsInJlYWQiOjI0MDAwMDAwMDAwMCwidXBkYXRlIjoyNDAwMDAwMDAwMDB9LCJzY2hlbWFfdmVyc2lvbiI6IjEifQ=="
        },
        {
          "index_key": "lounge-static-bucket",
          "schema_version": 1,
          "attributes": {
            "autoclass": [],
            "cors": [
              {
                "max_age_seconds": 3600,
                "method": [
                  "GET",
                  "HEAD",
                  "PUT",
                  "POST",
                  "DELETE"
                ],
                "origin": [
                  "https://dezurich.gauthamupadhyaya.in"
                ],
                "response_header": [
                  "*"
                ]
              }
            ],
            "custom_placement_config": [],
            "default_event_based_hold": false,
            "effective_labels": {},
            "enable_object_retention": false,
            "encryption": [],
            "force_destroy": true,
            "id": "lounge-static-bucket",
            "labels": null,
            "lifecycle_rule": [],
            "location": "ASIA-SOUTH1",
            "logging": [],
            "name": "lounge-static-bucket",
            "project": "dezurich-lounge",
            "project_number": 564060009482,
            "public_access_prevention": "inherited",
            "requester_pays": false,
            "retention_policy": [],
            "rpo": null,
            "self_link": "https://www.googleapis.com/storage/v1/b/lounge-static-bucket",
            "soft_delete_policy": [
              {
                "effective_time": "2024-06-05T21:07:33.957Z",
                "retention_duration_seconds": 604800
              }
            ],
            "storage_class": "STANDARD",
            "terraform_labels": {},
            "timeouts": null,
            "uniform_bucket_level_access": true,
            "url": "gs://lounge-static-bucket",
            "versioning": [],
            "website": []
          },
          "sensitive_attributes": [],
          "private": "eyJlMmJmYjczMC1lY2FhLTExZTYtOGY4OC0zNDM2M2JjN2M0YzAiOnsiY3JlYXRlIjo2MDAwMDAwMDAwMDAsInJlYWQiOjI0MDAwMDAwMDAwMCwidXBkYXRlIjoyNDAwMDAwMDAwMDB9LCJzY2hlbWFfdmVyc2lvbiI6IjEifQ=="
        }
      ]
    },
    {
      "mode": "managed",
      "type": "local_file",
      "name": "myaccountjson",
      "provider": "provider[\"registry.terraform.io/hashicorp/local\"]",
      "instances": [
        {
          "schema_version": 0,
          "attributes": {
            "content": "{\n  \"type\": \"service_account\",\n  \"project_id\": \"dezurich-lounge\",\n  \"private_key_id\": \"e633176f3886bba59d8dcb42b3c7bf4a8df8f033\",\n  \"private_key\": \"-----BEGIN PRIVATE KEY-----\\nMIIEugIBADANBgkqhkiG9w0BAQEFAASCBKQwggSgAgEAAoIBAQCoj7ZxsZM7gcLc\\ncg69wzpOPaOCM0ZKOtqK2+vZwKT/xxAMDU+kHmwGX3c6mtrj1O/+TUlGgE0YgPH0\\nyHmoQY6xtnLDJUVT0XW5OPbEabZgeF2mrPvmaiMlrGQf4Y+Rw4TcelGY8VPLeCLj\\npfsJqYwbHCKX4MkAUmKTqTjnV3womh6hNSyJ4fMZ0AEfFckOeoYuf+/mOi0/imJW\\n1VIe/Ct4OIOSE27D/0H4tXZ0hRZPChoBbBcT0A+Wtx9seX31AHmQjAImDjQnE+D9\\niU7aubBv79Zziefbg9jyLpPPq1Gdc2NhvledZS7CSFZ/hkqhQ2A08mZKj5YvB8JZ\\notVgbFx9AgMBAAECgf9VbTpiudZ7us+Os0cqIygnngYFy8/nK/RnuRUn9SD/l3qO\\nYwnW4WWYMlVlYgZevqduTbU98luM1W+7B8AUuEuk1L8O+Q7Qb9dkj5U6x1DZHxAo\\n6MCDT7uP3EbSm7Cfl9h79Fsv/Uzyrr2qirYgBNFWEsGUfURJ2dQUAdI1+EN0Xwri\\nzasxuT4o/8l6mieRXYJ4EB6p8ZzsPhqCK8vtFZYe45IeVHQKJKNfFjIm9SP+DRjv\\n64Aq7Z4yQE66vOtziM8b2UbYCv/KK0FiQTRNUeUbX3/QDGJ20+bvSXhAJ1D7dmFS\\nMzT9GHnLZMIoX1e7TJMGmG1I/wqPMaZZASoQDesCgYEA2/aj6BdXce79PY4R1w6G\\nmcdYBBOXux1/dPdazuNaYJozoRiy73vt810qxzVJODfWiVGoqUpQ1VA/BAQ0/L2S\\npgtfqVbZYz1zZLpAY+sCIWXidc1DLFAe3bPrkYw8onqQIwD7WFGjp6cQbSdnwn4C\\nGQ3hiqTwEZ+ylczQ1Y/9ALcCgYEAxC0/ixENmnq8gYJvfLYCt/aiI/fwYHVhAXnX\\n2BhwraxCx8rM8ChOob/uE2A8N3WA/4jGTUvsptJIPGQVASguzMe1pXEH3O6d2u3h\\nuNaWIoqVtA1DkBxUgOYdI8M0OY5aJobH3+vhUVSygCDh14ur0l2HycunL1YJRhbB\\nUtKLcGsCgYAs533wjItSfAqAvXcQ4ytBS3vBYUqRbWUuuKx2Hd2+aNxvX75vu2oJ\\nS5THFC69ZlDKubvny38S/Q3QQRecHQtKEHpX9J3ub4YWIxuwCjLmJImFqQC0lCqo\\n8ej+TpW2SbURIEsvbYMuX6Gv1uKMxvKgsL/BcQh9YI+xmx1q67knowKBgCWZipFL\\n7nCKT7D+4AFmHTVHNyJvtgm21aXjxYPsg0Q2PQJwE0GAaDnGQIpEKqZyhgv0GhXc\\nlHoQ2bmBcSksm3OyX1VbSaeFsImyiE3WCyaJq1G8LRPk6ilecX1WP588cnjp4ks/\\nuYrOEfxO0Rpv8bm7JXh+6QdAlTxyxhDqu8ELAoGAP3CaBjnJW15epK/G8lJUo7Ly\\nyyPYg9p67yI8L/jak68r4rFECF8JC8FsYKElGdNDkRaZ0bnfeHP9Q6B6inH7W5XJ\\nnye3/VHQKHk4osRTcnDiyrse2ZAS5dpj6sNq1JGuTra/a1iAdapbtvhFGlHe23qv\\nBoAPqRD9oXjHr7At3Ug=\\n-----END PRIVATE KEY-----\\n\",\n  \"client_email\": \"dezurich-lounge-account@dezurich-lounge.iam.gserviceaccount.com\",\n  \"client_id\": \"102294922013185938168\",\n  \"auth_uri\": \"https://accounts.google.com/o/oauth2/auth\",\n  \"token_uri\": \"https://oauth2.googleapis.com/token\",\n  \"auth_provider_x509_cert_url\": \"https://www.googleapis.com/oauth2/v1/certs\",\n  \"client_x509_cert_url\": \"https://www.googleapis.com/robot/v1/metadata/x509/dezurich-lounge-account%40dezurich-lounge.iam.gserviceaccount.com\",\n  \"universe_domain\": \"googleapis.com\"\n}\n",
            "content_base64": null,
            "content_base64sha256": "qw+Pv+WOkqUXVNw4NMmCoYtzaEtxmgKlXxT2yEKRiSU=",
            "content_base64sha512": "G95N2JItSaQhWSpcmBjkN9MRW+KNdYhm1Fd0gDHTs0j+5op1JPcjGjgbBTvdj1ohqV85JGItSNCOuxP/pzFaNw==",
            "content_md5": "d5619e3db56744a26249f1396caecbc8",
            "content_sha1": "263b376f318a5385ee5c050ad29cf001ecb50a34",
            "content_sha256": "ab0f8fbfe58e92a51754dc3834c982a18b73684b719a02a55f14f6c842918925",
            "content_sha512": "1bde4dd8922d49a421592a5c9818e437d3115be28d758866d457748031d3b348fee68a7524f7231a381b053bdd8f5a21a95f3924622d48d08ebb13ffa7315a37",
            "directory_permission": "0777",
            "file_permission": "0777",
            "filename": "C:\\Users\\HAPPYUSER\\Documents\\Web_Development\\Django_Project\\DeZurich_Lounge\\lounge\\credentials.json",
            "id": "263b376f318a5385ee5c050ad29cf001ecb50a34",
            "sensitive_content": null,
            "source": null
          },
          "sensitive_attributes": [
            [
              {
                "type": "get_attr",
                "value": "content"
              }
            ],
            [
              {
                "type": "get_attr",
                "value": "sensitive_content"
              }
            ]
          ],
          "dependencies": [
            "google_service_account.service_account",
            "google_service_account_key.mykey"
          ]
        }
      ]
    }
  ],
  "check_results": null
}
